// !$*UTF8*$!
{
	archiveVersion = 1;
	classes = {
	};
	objectVersion = 55;
	objects = {

/* Begin PBXBuildFile section */
		D712FF0C27F87BD200DD684E /* Main.xcdatamodeld in Sources */ = {isa = PBXBuildFile; fileRef = D712FF0A27F87BD200DD684E /* Main.xcdatamodeld */; };
		D712FF0F27F87EB100DD684E /* DataController.swift in Sources */ = {isa = PBXBuildFile; fileRef = D712FF0E27F87EB100DD684E /* DataController.swift */; };
		D712FF1427F8878200DD684E /* CloudKit.framework in Frameworks */ = {isa = PBXBuildFile; fileRef = D712FF1327F8878200DD684E /* CloudKit.framework */; };
		D712FF1927F888A900DD684E /* HomeView.swift in Sources */ = {isa = PBXBuildFile; fileRef = D712FF1827F888A900DD684E /* HomeView.swift */; };
		D712FF1B27F8892400DD684E /* ProjectsView.swift in Sources */ = {isa = PBXBuildFile; fileRef = D712FF1A27F8892400DD684E /* ProjectsView.swift */; };
		D7171B9427FDC05900599DEB /* Item+CoreDataClass.swift in Sources */ = {isa = PBXBuildFile; fileRef = D7171B9027FDC05900599DEB /* Item+CoreDataClass.swift */; };
		D7171B9527FDC05900599DEB /* Item+CoreDataProperties.swift in Sources */ = {isa = PBXBuildFile; fileRef = D7171B9127FDC05900599DEB /* Item+CoreDataProperties.swift */; };
		D7171B9627FDC05900599DEB /* Project+CoreDataClass.swift in Sources */ = {isa = PBXBuildFile; fileRef = D7171B9227FDC05900599DEB /* Project+CoreDataClass.swift */; };
		D7171B9727FDC05900599DEB /* Project+CoreDataProperties.swift in Sources */ = {isa = PBXBuildFile; fileRef = D7171B9327FDC05900599DEB /* Project+CoreDataProperties.swift */; };
		D7B9CAE72805D0F200C4E33A /* EditItemView.swift in Sources */ = {isa = PBXBuildFile; fileRef = D7B9CAE62805D0F200C4E33A /* EditItemView.swift */; };
		D7B9CAE92805DF9200C4E33A /* ItemRowView.swift in Sources */ = {isa = PBXBuildFile; fileRef = D7B9CAE82805DF9200C4E33A /* ItemRowView.swift */; };
		D7B9CAED2805E19F00C4E33A /* Binding + Extensions.swift in Sources */ = {isa = PBXBuildFile; fileRef = D7B9CAEC2805E19F00C4E33A /* Binding + Extensions.swift */; };
		D7B9CAEF2805E64A00C4E33A /* ProjectHeaderView.swift in Sources */ = {isa = PBXBuildFile; fileRef = D7B9CAEE2805E64A00C4E33A /* ProjectHeaderView.swift */; };
		D7B9CAF12805EF5400C4E33A /* Colors.xcassets in Resources */ = {isa = PBXBuildFile; fileRef = D7B9CAF02805EF5400C4E33A /* Colors.xcassets */; };
		D7B9CAF32805F01400C4E33A /* EditProjectView.swift in Sources */ = {isa = PBXBuildFile; fileRef = D7B9CAF22805F01400C4E33A /* EditProjectView.swift */; };
		D7C8C7E827F8797400D0F1F6 /* UltimateApp.swift in Sources */ = {isa = PBXBuildFile; fileRef = D7C8C7E727F8797400D0F1F6 /* UltimateApp.swift */; };
		D7C8C7EA27F8797400D0F1F6 /* ContentView.swift in Sources */ = {isa = PBXBuildFile; fileRef = D7C8C7E927F8797400D0F1F6 /* ContentView.swift */; };
		D7C8C7EC27F8797900D0F1F6 /* Assets.xcassets in Resources */ = {isa = PBXBuildFile; fileRef = D7C8C7EB27F8797900D0F1F6 /* Assets.xcassets */; };
		D7C8C7EF27F8797900D0F1F6 /* Preview Assets.xcassets in Resources */ = {isa = PBXBuildFile; fileRef = D7C8C7EE27F8797900D0F1F6 /* Preview Assets.xcassets */; };
		D7D3902828032E5C0039E1F7 /* Item-CoreDataHelpers.swift in Sources */ = {isa = PBXBuildFile; fileRef = D7D3902728032E5C0039E1F7 /* Item-CoreDataHelpers.swift */; };
		D7D3902B2803305C0039E1F7 /* Project-CoreDataHelpers.swift in Sources */ = {isa = PBXBuildFile; fileRef = D7D3902A2803305C0039E1F7 /* Project-CoreDataHelpers.swift */; };
/* End PBXBuildFile section */

/* Begin PBXFileReference section */
		D712FF0B27F87BD200DD684E /* Main.xcdatamodel */ = {isa = PBXFileReference; lastKnownFileType = wrapper.xcdatamodel; path = Main.xcdatamodel; sourceTree = "<group>"; };
		D712FF0E27F87EB100DD684E /* DataController.swift */ = {isa = PBXFileReference; lastKnownFileType = sourcecode.swift; path = DataController.swift; sourceTree = "<group>"; };
		D712FF1027F8876800DD684E /* Ultimate.entitlements */ = {isa = PBXFileReference; lastKnownFileType = text.plist.entitlements; path = Ultimate.entitlements; sourceTree = "<group>"; };
		D712FF1127F8876B00DD684E /* Info.plist */ = {isa = PBXFileReference; lastKnownFileType = text.plist; path = Info.plist; sourceTree = "<group>"; };
		D712FF1327F8878200DD684E /* CloudKit.framework */ = {isa = PBXFileReference; lastKnownFileType = wrapper.framework; name = CloudKit.framework; path = System/Library/Frameworks/CloudKit.framework; sourceTree = SDKROOT; };
		D712FF1827F888A900DD684E /* HomeView.swift */ = {isa = PBXFileReference; lastKnownFileType = sourcecode.swift; path = HomeView.swift; sourceTree = "<group>"; };
		D712FF1A27F8892400DD684E /* ProjectsView.swift */ = {isa = PBXFileReference; lastKnownFileType = sourcecode.swift; path = ProjectsView.swift; sourceTree = "<group>"; };
		D7171B9027FDC05900599DEB /* Item+CoreDataClass.swift */ = {isa = PBXFileReference; lastKnownFileType = sourcecode.swift; path = "Item+CoreDataClass.swift"; sourceTree = "<group>"; };
		D7171B9127FDC05900599DEB /* Item+CoreDataProperties.swift */ = {isa = PBXFileReference; lastKnownFileType = sourcecode.swift; path = "Item+CoreDataProperties.swift"; sourceTree = "<group>"; };
		D7171B9227FDC05900599DEB /* Project+CoreDataClass.swift */ = {isa = PBXFileReference; lastKnownFileType = sourcecode.swift; path = "Project+CoreDataClass.swift"; sourceTree = "<group>"; };
		D7171B9327FDC05900599DEB /* Project+CoreDataProperties.swift */ = {isa = PBXFileReference; lastKnownFileType = sourcecode.swift; path = "Project+CoreDataProperties.swift"; sourceTree = "<group>"; };
		D7B9CAE62805D0F200C4E33A /* EditItemView.swift */ = {isa = PBXFileReference; lastKnownFileType = sourcecode.swift; path = EditItemView.swift; sourceTree = "<group>"; };
		D7B9CAE82805DF9200C4E33A /* ItemRowView.swift */ = {isa = PBXFileReference; lastKnownFileType = sourcecode.swift; path = ItemRowView.swift; sourceTree = "<group>"; };
		D7B9CAEC2805E19F00C4E33A /* Binding + Extensions.swift */ = {isa = PBXFileReference; lastKnownFileType = sourcecode.swift; path = "Binding + Extensions.swift"; sourceTree = "<group>"; };
		D7B9CAEE2805E64A00C4E33A /* ProjectHeaderView.swift */ = {isa = PBXFileReference; lastKnownFileType = sourcecode.swift; path = ProjectHeaderView.swift; sourceTree = "<group>"; };
		D7B9CAF02805EF5400C4E33A /* Colors.xcassets */ = {isa = PBXFileReference; lastKnownFileType = folder.assetcatalog; path = Colors.xcassets; sourceTree = "<group>"; };
		D7B9CAF22805F01400C4E33A /* EditProjectView.swift */ = {isa = PBXFileReference; lastKnownFileType = sourcecode.swift; path = EditProjectView.swift; sourceTree = "<group>"; };
		D7C8C7E427F8797400D0F1F6 /* Ultimate.app */ = {isa = PBXFileReference; explicitFileType = wrapper.application; includeInIndex = 0; path = Ultimate.app; sourceTree = BUILT_PRODUCTS_DIR; };
		D7C8C7E727F8797400D0F1F6 /* UltimateApp.swift */ = {isa = PBXFileReference; lastKnownFileType = sourcecode.swift; path = UltimateApp.swift; sourceTree = "<group>"; };
		D7C8C7E927F8797400D0F1F6 /* ContentView.swift */ = {isa = PBXFileReference; lastKnownFileType = sourcecode.swift; path = ContentView.swift; sourceTree = "<group>"; };
		D7C8C7EB27F8797900D0F1F6 /* Assets.xcassets */ = {isa = PBXFileReference; lastKnownFileType = folder.assetcatalog; path = Assets.xcassets; sourceTree = "<group>"; };
		D7C8C7EE27F8797900D0F1F6 /* Preview Assets.xcassets */ = {isa = PBXFileReference; lastKnownFileType = folder.assetcatalog; path = "Preview Assets.xcassets"; sourceTree = "<group>"; };
		D7D3902728032E5C0039E1F7 /* Item-CoreDataHelpers.swift */ = {isa = PBXFileReference; lastKnownFileType = sourcecode.swift; path = "Item-CoreDataHelpers.swift"; sourceTree = "<group>"; };
		D7D3902A2803305C0039E1F7 /* Project-CoreDataHelpers.swift */ = {isa = PBXFileReference; lastKnownFileType = sourcecode.swift; path = "Project-CoreDataHelpers.swift"; sourceTree = "<group>"; };
/* End PBXFileReference section */

/* Begin PBXFrameworksBuildPhase section */
		D7C8C7E127F8797400D0F1F6 /* Frameworks */ = {
			isa = PBXFrameworksBuildPhase;
			buildActionMask = 2147483647;
			files = (
				D712FF1427F8878200DD684E /* CloudKit.framework in Frameworks */,
			);
			runOnlyForDeploymentPostprocessing = 0;
		};
/* End PBXFrameworksBuildPhase section */

/* Begin PBXGroup section */
		D712FF0927F87BC000DD684E /* Models */ = {
			isa = PBXGroup;
			children = (
				D7D3902528032E470039E1F7 /* CoreData */,
				D712FF0A27F87BD200DD684E /* Main.xcdatamodeld */,
			);
			path = Models;
			sourceTree = "<group>";
		};
		D712FF0D27F87E9800DD684E /* Managers */ = {
			isa = PBXGroup;
			children = (
				D712FF0E27F87EB100DD684E /* DataController.swift */,
			);
			path = Managers;
			sourceTree = "<group>";
		};
		D712FF1227F8878200DD684E /* Frameworks */ = {
			isa = PBXGroup;
			children = (
				D712FF1327F8878200DD684E /* CloudKit.framework */,
			);
			name = Frameworks;
			sourceTree = "<group>";
		};
		D712FF1627F8884D00DD684E /* SupportFiles */ = {
			isa = PBXGroup;
			children = (
				D7C8C7EB27F8797900D0F1F6 /* Assets.xcassets */,
				D7B9CAF02805EF5400C4E33A /* Colors.xcassets */,
				D712FF1127F8876B00DD684E /* Info.plist */,
				D712FF1027F8876800DD684E /* Ultimate.entitlements */,
			);
			name = SupportFiles;
			sourceTree = "<group>";
		};
		D712FF1727F8889900DD684E /* Views */ = {
			isa = PBXGroup;
			children = (
				D7B9CAF42805F01700C4E33A /* SupportViews */,
				D7C8C7E927F8797400D0F1F6 /* ContentView.swift */,
				D712FF1827F888A900DD684E /* HomeView.swift */,
				D712FF1A27F8892400DD684E /* ProjectsView.swift */,
			);
			path = Views;
			sourceTree = "<group>";
		};
		D7B9CAEA2805E13B00C4E33A /* Utils */ = {
			isa = PBXGroup;
			children = (
				D7B9CAEB2805E13F00C4E33A /* Extensions */,
			);
			path = Utils;
			sourceTree = "<group>";
		};
		D7B9CAEB2805E13F00C4E33A /* Extensions */ = {
			isa = PBXGroup;
			children = (
				D7B9CAEC2805E19F00C4E33A /* Binding + Extensions.swift */,
			);
			path = Extensions;
			sourceTree = "<group>";
		};
		D7B9CAF42805F01700C4E33A /* SupportViews */ = {
			isa = PBXGroup;
			children = (
				D7B9CAEE2805E64A00C4E33A /* ProjectHeaderView.swift */,
				D7B9CAE82805DF9200C4E33A /* ItemRowView.swift */,
				D7B9CAE62805D0F200C4E33A /* EditItemView.swift */,
				D7B9CAF22805F01400C4E33A /* EditProjectView.swift */,
			);
			path = SupportViews;
			sourceTree = "<group>";
		};
		D7C8C7DB27F8797400D0F1F6 = {
			isa = PBXGroup;
			children = (
				D7C8C7E627F8797400D0F1F6 /* Ultimate */,
				D7C8C7E527F8797400D0F1F6 /* Products */,
				D712FF1227F8878200DD684E /* Frameworks */,
			);
			sourceTree = "<group>";
		};
		D7C8C7E527F8797400D0F1F6 /* Products */ = {
			isa = PBXGroup;
			children = (
				D7C8C7E427F8797400D0F1F6 /* Ultimate.app */,
			);
			name = Products;
			sourceTree = "<group>";
		};
		D7C8C7E627F8797400D0F1F6 /* Ultimate */ = {
			isa = PBXGroup;
			children = (
				D7B9CAEA2805E13B00C4E33A /* Utils */,
				D712FF0D27F87E9800DD684E /* Managers */,
				D712FF0927F87BC000DD684E /* Models */,
				D712FF1727F8889900DD684E /* Views */,
				D7C8C7E727F8797400D0F1F6 /* UltimateApp.swift */,
				D712FF1627F8884D00DD684E /* SupportFiles */,
				D7C8C7ED27F8797900D0F1F6 /* Preview Content */,
			);
			path = Ultimate;
			sourceTree = "<group>";
		};
		D7C8C7ED27F8797900D0F1F6 /* Preview Content */ = {
			isa = PBXGroup;
			children = (
				D7C8C7EE27F8797900D0F1F6 /* Preview Assets.xcassets */,
			);
			path = "Preview Content";
			sourceTree = "<group>";
		};
		D7D3902528032E470039E1F7 /* CoreData */ = {
			isa = PBXGroup;
			children = (
				D7D3902628032E4F0039E1F7 /* Helpers */,
				D7171B9027FDC05900599DEB /* Item+CoreDataClass.swift */,
				D7171B9127FDC05900599DEB /* Item+CoreDataProperties.swift */,
				D7171B9227FDC05900599DEB /* Project+CoreDataClass.swift */,
				D7171B9327FDC05900599DEB /* Project+CoreDataProperties.swift */,
			);
			path = CoreData;
			sourceTree = "<group>";
		};
		D7D3902628032E4F0039E1F7 /* Helpers */ = {
			isa = PBXGroup;
			children = (
				D7D3902728032E5C0039E1F7 /* Item-CoreDataHelpers.swift */,
				D7D3902A2803305C0039E1F7 /* Project-CoreDataHelpers.swift */,
			);
			path = Helpers;
			sourceTree = "<group>";
		};
/* End PBXGroup section */

/* Begin PBXNativeTarget section */
		D7C8C7E327F8797400D0F1F6 /* Ultimate */ = {
			isa = PBXNativeTarget;
			buildConfigurationList = D7C8C7F227F8797900D0F1F6 /* Build configuration list for PBXNativeTarget "Ultimate" */;
			buildPhases = (
				D7C8C7E027F8797400D0F1F6 /* Sources */,
				D7C8C7E127F8797400D0F1F6 /* Frameworks */,
				D7C8C7E227F8797400D0F1F6 /* Resources */,
			);
			buildRules = (
			);
			dependencies = (
			);
			name = Ultimate;
			productName = Ultimate;
			productReference = D7C8C7E427F8797400D0F1F6 /* Ultimate.app */;
			productType = "com.apple.product-type.application";
		};
/* End PBXNativeTarget section */

/* Begin PBXProject section */
		D7C8C7DC27F8797400D0F1F6 /* Project object */ = {
			isa = PBXProject;
			attributes = {
				BuildIndependentTargetsInParallel = 1;
				LastSwiftUpdateCheck = 1330;
				LastUpgradeCheck = 1330;
				TargetAttributes = {
					D7C8C7E327F8797400D0F1F6 = {
						CreatedOnToolsVersion = 13.3;
					};
				};
			};
			buildConfigurationList = D7C8C7DF27F8797400D0F1F6 /* Build configuration list for PBXProject "Ultimate" */;
			compatibilityVersion = "Xcode 13.0";
			developmentRegion = en;
			hasScannedForEncodings = 0;
			knownRegions = (
				en,
				Base,
			);
			mainGroup = D7C8C7DB27F8797400D0F1F6;
			productRefGroup = D7C8C7E527F8797400D0F1F6 /* Products */;
			projectDirPath = "";
			projectRoot = "";
			targets = (
				D7C8C7E327F8797400D0F1F6 /* Ultimate */,
			);
		};
/* End PBXProject section */

/* Begin PBXResourcesBuildPhase section */
		D7C8C7E227F8797400D0F1F6 /* Resources */ = {
			isa = PBXResourcesBuildPhase;
			buildActionMask = 2147483647;
			files = (
				D7B9CAF12805EF5400C4E33A /* Colors.xcassets in Resources */,
				D7C8C7EF27F8797900D0F1F6 /* Preview Assets.xcassets in Resources */,
				D7C8C7EC27F8797900D0F1F6 /* Assets.xcassets in Resources */,
			);
			runOnlyForDeploymentPostprocessing = 0;
		};
/* End PBXResourcesBuildPhase section */

/* Begin PBXSourcesBuildPhase section */
		D7C8C7E027F8797400D0F1F6 /* Sources */ = {
			isa = PBXSourcesBuildPhase;
			buildActionMask = 2147483647;
			files = (
				D7B9CAE92805DF9200C4E33A /* ItemRowView.swift in Sources */,
				D712FF1B27F8892400DD684E /* ProjectsView.swift in Sources */,
				D712FF0C27F87BD200DD684E /* Main.xcdatamodeld in Sources */,
				D7171B9727FDC05900599DEB /* Project+CoreDataProperties.swift in Sources */,
				D7171B9527FDC05900599DEB /* Item+CoreDataProperties.swift in Sources */,
				D7B9CAED2805E19F00C4E33A /* Binding + Extensions.swift in Sources */,
				D7171B9627FDC05900599DEB /* Project+CoreDataClass.swift in Sources */,
				D712FF0F27F87EB100DD684E /* DataController.swift in Sources */,
				D7D3902B2803305C0039E1F7 /* Project-CoreDataHelpers.swift in Sources */,
				D7C8C7EA27F8797400D0F1F6 /* ContentView.swift in Sources */,
				D7B9CAF32805F01400C4E33A /* EditProjectView.swift in Sources */,
				D712FF1927F888A900DD684E /* HomeView.swift in Sources */,
				D7B9CAE72805D0F200C4E33A /* EditItemView.swift in Sources */,
				D7C8C7E827F8797400D0F1F6 /* UltimateApp.swift in Sources */,
				D7B9CAEF2805E64A00C4E33A /* ProjectHeaderView.swift in Sources */,
				D7171B9427FDC05900599DEB /* Item+CoreDataClass.swift in Sources */,
				D7D3902828032E5C0039E1F7 /* Item-CoreDataHelpers.swift in Sources */,
			);
			runOnlyForDeploymentPostprocessing = 0;
		};
/* End PBXSourcesBuildPhase section */

/* Begin XCBuildConfiguration section */
		D7C8C7F027F8797900D0F1F6 /* Debug */ = {
			isa = XCBuildConfiguration;
			buildSettings = {
				ALWAYS_SEARCH_USER_PATHS = NO;
				CLANG_ANALYZER_NONNULL = YES;
				CLANG_ANALYZER_NUMBER_OBJECT_CONVERSION = YES_AGGRESSIVE;
				CLANG_CXX_LANGUAGE_STANDARD = "gnu++17";
				CLANG_ENABLE_MODULES = YES;
				CLANG_ENABLE_OBJC_ARC = YES;
				CLANG_ENABLE_OBJC_WEAK = YES;
				CLANG_WARN_BLOCK_CAPTURE_AUTORELEASING = YES;
				CLANG_WARN_BOOL_CONVERSION = YES;
				CLANG_WARN_COMMA = YES;
				CLANG_WARN_CONSTANT_CONVERSION = YES;
				CLANG_WARN_DEPRECATED_OBJC_IMPLEMENTATIONS = YES;
				CLANG_WARN_DIRECT_OBJC_ISA_USAGE = YES_ERROR;
				CLANG_WARN_DOCUMENTATION_COMMENTS = YES;
				CLANG_WARN_EMPTY_BODY = YES;
				CLANG_WARN_ENUM_CONVERSION = YES;
				CLANG_WARN_INFINITE_RECURSION = YES;
				CLANG_WARN_INT_CONVERSION = YES;
				CLANG_WARN_NON_LITERAL_NULL_CONVERSION = YES;
				CLANG_WARN_OBJC_IMPLICIT_RETAIN_SELF = YES;
				CLANG_WARN_OBJC_LITERAL_CONVERSION = YES;
				CLANG_WARN_OBJC_ROOT_CLASS = YES_ERROR;
				CLANG_WARN_QUOTED_INCLUDE_IN_FRAMEWORK_HEADER = YES;
				CLANG_WARN_RANGE_LOOP_ANALYSIS = YES;
				CLANG_WARN_STRICT_PROTOTYPES = YES;
				CLANG_WARN_SUSPICIOUS_MOVE = YES;
				CLANG_WARN_UNGUARDED_AVAILABILITY = YES_AGGRESSIVE;
				CLANG_WARN_UNREACHABLE_CODE = YES;
				CLANG_WARN__DUPLICATE_METHOD_MATCH = YES;
				COPY_PHASE_STRIP = NO;
				DEBUG_INFORMATION_FORMAT = dwarf;
				ENABLE_STRICT_OBJC_MSGSEND = YES;
				ENABLE_TESTABILITY = YES;
				GCC_C_LANGUAGE_STANDARD = gnu11;
				GCC_DYNAMIC_NO_PIC = NO;
				GCC_NO_COMMON_BLOCKS = YES;
				GCC_OPTIMIZATION_LEVEL = 0;
				GCC_PREPROCESSOR_DEFINITIONS = (
					"DEBUG=1",
					"$(inherited)",
				);
				GCC_WARN_64_TO_32_BIT_CONVERSION = YES;
				GCC_WARN_ABOUT_RETURN_TYPE = YES_ERROR;
				GCC_WARN_UNDECLARED_SELECTOR = YES;
				GCC_WARN_UNINITIALIZED_AUTOS = YES_AGGRESSIVE;
				GCC_WARN_UNUSED_FUNCTION = YES;
				GCC_WARN_UNUSED_VARIABLE = YES;
				IPHONEOS_DEPLOYMENT_TARGET = 15.4;
				MTL_ENABLE_DEBUG_INFO = INCLUDE_SOURCE;
				MTL_FAST_MATH = YES;
				ONLY_ACTIVE_ARCH = YES;
				SDKROOT = iphoneos;
				SWIFT_ACTIVE_COMPILATION_CONDITIONS = DEBUG;
				SWIFT_OPTIMIZATION_LEVEL = "-Onone";
			};
			name = Debug;
		};
		D7C8C7F127F8797900D0F1F6 /* Release */ = {
			isa = XCBuildConfiguration;
			buildSettings = {
				ALWAYS_SEARCH_USER_PATHS = NO;
				CLANG_ANALYZER_NONNULL = YES;
				CLANG_ANALYZER_NUMBER_OBJECT_CONVERSION = YES_AGGRESSIVE;
				CLANG_CXX_LANGUAGE_STANDARD = "gnu++17";
				CLANG_ENABLE_MODULES = YES;
				CLANG_ENABLE_OBJC_ARC = YES;
				CLANG_ENABLE_OBJC_WEAK = YES;
				CLANG_WARN_BLOCK_CAPTURE_AUTORELEASING = YES;
				CLANG_WARN_BOOL_CONVERSION = YES;
				CLANG_WARN_COMMA = YES;
				CLANG_WARN_CONSTANT_CONVERSION = YES;
				CLANG_WARN_DEPRECATED_OBJC_IMPLEMENTATIONS = YES;
				CLANG_WARN_DIRECT_OBJC_ISA_USAGE = YES_ERROR;
				CLANG_WARN_DOCUMENTATION_COMMENTS = YES;
				CLANG_WARN_EMPTY_BODY = YES;
				CLANG_WARN_ENUM_CONVERSION = YES;
				CLANG_WARN_INFINITE_RECURSION = YES;
				CLANG_WARN_INT_CONVERSION = YES;
				CLANG_WARN_NON_LITERAL_NULL_CONVERSION = YES;
				CLANG_WARN_OBJC_IMPLICIT_RETAIN_SELF = YES;
				CLANG_WARN_OBJC_LITERAL_CONVERSION = YES;
				CLANG_WARN_OBJC_ROOT_CLASS = YES_ERROR;
				CLANG_WARN_QUOTED_INCLUDE_IN_FRAMEWORK_HEADER = YES;
				CLANG_WARN_RANGE_LOOP_ANALYSIS = YES;
				CLANG_WARN_STRICT_PROTOTYPES = YES;
				CLANG_WARN_SUSPICIOUS_MOVE = YES;
				CLANG_WARN_UNGUARDED_AVAILABILITY = YES_AGGRESSIVE;
				CLANG_WARN_UNREACHABLE_CODE = YES;
				CLANG_WARN__DUPLICATE_METHOD_MATCH = YES;
				COPY_PHASE_STRIP = NO;
				DEBUG_INFORMATION_FORMAT = "dwarf-with-dsym";
				ENABLE_NS_ASSERTIONS = NO;
				ENABLE_STRICT_OBJC_MSGSEND = YES;
				GCC_C_LANGUAGE_STANDARD = gnu11;
				GCC_NO_COMMON_BLOCKS = YES;
				GCC_WARN_64_TO_32_BIT_CONVERSION = YES;
				GCC_WARN_ABOUT_RETURN_TYPE = YES_ERROR;
				GCC_WARN_UNDECLARED_SELECTOR = YES;
				GCC_WARN_UNINITIALIZED_AUTOS = YES_AGGRESSIVE;
				GCC_WARN_UNUSED_FUNCTION = YES;
				GCC_WARN_UNUSED_VARIABLE = YES;
				IPHONEOS_DEPLOYMENT_TARGET = 15.4;
				MTL_ENABLE_DEBUG_INFO = NO;
				MTL_FAST_MATH = YES;
				SDKROOT = iphoneos;
				SWIFT_COMPILATION_MODE = wholemodule;
				SWIFT_OPTIMIZATION_LEVEL = "-O";
				VALIDATE_PRODUCT = YES;
			};
			name = Release;
		};
		D7C8C7F327F8797900D0F1F6 /* Debug */ = {
			isa = XCBuildConfiguration;
			buildSettings = {
				ASSETCATALOG_COMPILER_APPICON_NAME = AppIcon;
				ASSETCATALOG_COMPILER_GLOBAL_ACCENT_COLOR_NAME = AccentColor;
				CODE_SIGN_ENTITLEMENTS = Ultimate/Ultimate.entitlements;
				CODE_SIGN_STYLE = Automatic;
				CURRENT_PROJECT_VERSION = 1;
				DEVELOPMENT_ASSET_PATHS = "\"Ultimate/Preview Content\"";
				DEVELOPMENT_TEAM = C5N8H89WX7;
				ENABLE_PREVIEWS = YES;
				GENERATE_INFOPLIST_FILE = YES;
				INFOPLIST_FILE = Ultimate/Info.plist;
				INFOPLIST_KEY_UIApplicationSceneManifest_Generation = YES;
				INFOPLIST_KEY_UIApplicationSupportsIndirectInputEvents = YES;
				INFOPLIST_KEY_UILaunchScreen_Generation = YES;
				INFOPLIST_KEY_UISupportedInterfaceOrientations_iPad = "UIInterfaceOrientationPortrait UIInterfaceOrientationPortraitUpsideDown UIInterfaceOrientationLandscapeLeft UIInterfaceOrientationLandscapeRight";
				INFOPLIST_KEY_UISupportedInterfaceOrientations_iPhone = "UIInterfaceOrientationPortrait UIInterfaceOrientationLandscapeLeft UIInterfaceOrientationLandscapeRight";
				IPHONEOS_DEPLOYMENT_TARGET = 15.2;
				LD_RUNPATH_SEARCH_PATHS = (
					"$(inherited)",
					"@executable_path/Frameworks",
				);
				MARKETING_VERSION = 1.0;
				PRODUCT_BUNDLE_IDENTIFIER = com.matthew.sakhnenko.Ultimate;
				PRODUCT_NAME = "$(TARGET_NAME)";
				SWIFT_EMIT_LOC_STRINGS = YES;
				SWIFT_VERSION = 5.0;
				TARGETED_DEVICE_FAMILY = "1,2";
			};
			name = Debug;
		};
		D7C8C7F427F8797900D0F1F6 /* Release */ = {
			isa = XCBuildConfiguration;
			buildSettings = {
				ASSETCATALOG_COMPILER_APPICON_NAME = AppIcon;
				ASSETCATALOG_COMPILER_GLOBAL_ACCENT_COLOR_NAME = AccentColor;
				CODE_SIGN_ENTITLEMENTS = Ultimate/Ultimate.entitlements;
				CODE_SIGN_STYLE = Automatic;
				CURRENT_PROJECT_VERSION = 1;
				DEVELOPMENT_ASSET_PATHS = "\"Ultimate/Preview Content\"";
				DEVELOPMENT_TEAM = C5N8H89WX7;
				ENABLE_PREVIEWS = YES;
				GENERATE_INFOPLIST_FILE = YES;
				INFOPLIST_FILE = Ultimate/Info.plist;
				INFOPLIST_KEY_UIApplicationSceneManifest_Generation = YES;
				INFOPLIST_KEY_UIApplicationSupportsIndirectInputEvents = YES;
				INFOPLIST_KEY_UILaunchScreen_Generation = YES;
				INFOPLIST_KEY_UISupportedInterfaceOrientations_iPad = "UIInterfaceOrientationPortrait UIInterfaceOrientationPortraitUpsideDown UIInterfaceOrientationLandscapeLeft UIInterfaceOrientationLandscapeRight";
				INFOPLIST_KEY_UISupportedInterfaceOrientations_iPhone = "UIInterfaceOrientationPortrait UIInterfaceOrientationLandscapeLeft UIInterfaceOrientationLandscapeRight";
				IPHONEOS_DEPLOYMENT_TARGET = 15.2;
				LD_RUNPATH_SEARCH_PATHS = (
					"$(inherited)",
					"@executable_path/Frameworks",
				);
				MARKETING_VERSION = 1.0;
				PRODUCT_BUNDLE_IDENTIFIER = com.matthew.sakhnenko.Ultimate;
				PRODUCT_NAME = "$(TARGET_NAME)";
				SWIFT_EMIT_LOC_STRINGS = YES;
				SWIFT_VERSION = 5.0;
				TARGETED_DEVICE_FAMILY = "1,2";
			};
			name = Release;
		};
/* End XCBuildConfiguration section */

/* Begin XCConfigurationList section */
		D7C8C7DF27F8797400D0F1F6 /* Build configuration list for PBXProject "Ultimate" */ = {
			isa = XCConfigurationList;
			buildConfigurations = (
				D7C8C7F027F8797900D0F1F6 /* Debug */,
				D7C8C7F127F8797900D0F1F6 /* Release */,
			);
			defaultConfigurationIsVisible = 0;
			defaultConfigurationName = Release;
		};
		D7C8C7F227F8797900D0F1F6 /* Build configuration list for PBXNativeTarget "Ultimate" */ = {
			isa = XCConfigurationList;
			buildConfigurations = (
				D7C8C7F327F8797900D0F1F6 /* Debug */,
				D7C8C7F427F8797900D0F1F6 /* Release */,
			);
			defaultConfigurationIsVisible = 0;
			defaultConfigurationName = Release;
		};
/* End XCConfigurationList section */

/* Begin XCVersionGroup section */
		D712FF0A27F87BD200DD684E /* Main.xcdatamodeld */ = {
			isa = XCVersionGroup;
			children = (
				D712FF0B27F87BD200DD684E /* Main.xcdatamodel */,
			);
			currentVersion = D712FF0B27F87BD200DD684E /* Main.xcdatamodel */;
			path = Main.xcdatamodeld;
			sourceTree = "<group>";
			versionGroupType = wrapper.xcdatamodel;
		};
/* End XCVersionGroup section */
	};
	rootObject = D7C8C7DC27F8797400D0F1F6 /* Project object */;
}
